// !$*UTF8*$!
{
	archiveVersion = 1;
	classes = {
	};
	objectVersion = 56;
	objects = {

/* Begin PBXBuildFile section */
		2508466B2B5AD77200DC6C9C /* TensorWindowView.swift in Sources */ = {isa = PBXBuildFile; fileRef = 2508466A2B5AD77200DC6C9C /* TensorWindowView.swift */; };
		251BFB472B668FB500EB50DF /* RandSecure.swift in Sources */ = {isa = PBXBuildFile; fileRef = 251BFB462B668FB500EB50DF /* RandSecure.swift */; };
		251BFB4A2B66900800EB50DF /* DataLogic in Frameworks */ = {isa = PBXBuildFile; productRef = 251BFB492B66900800EB50DF /* DataLogic */; };
		252791852B60B94B00BDAFCF /* Scenes.swift in Sources */ = {isa = PBXBuildFile; fileRef = 252791842B60B94B00BDAFCF /* Scenes.swift */; };
		2544C5942B62ACE500BD04F3 /* TSWindowManager.swift in Sources */ = {isa = PBXBuildFile; fileRef = 2544C5932B62ACE500BD04F3 /* TSWindowManager.swift */; };
		255A62C92B6F1E7A002F6A80 /* TensorlEngine.docc in Sources */ = {isa = PBXBuildFile; fileRef = 255A62C82B6F1E7A002F6A80 /* TensorlEngine.docc */; };
		255A62CF2B6F1E7A002F6A80 /* TensorlEngine.framework in Frameworks */ = {isa = PBXBuildFile; fileRef = 255A62C52B6F1E7A002F6A80 /* TensorlEngine.framework */; };
		255A62D62B6F1E7A002F6A80 /* TensorlEngineTests.swift in Sources */ = {isa = PBXBuildFile; fileRef = 255A62D52B6F1E7A002F6A80 /* TensorlEngineTests.swift */; };
		255A62D72B6F1E7A002F6A80 /* TensorlEngine.h in Headers */ = {isa = PBXBuildFile; fileRef = 255A62C72B6F1E7A002F6A80 /* TensorlEngine.h */; settings = {ATTRIBUTES = (Public, ); }; };
		255A62DA2B6F1E7A002F6A80 /* TensorlEngine.framework in Frameworks */ = {isa = PBXBuildFile; fileRef = 255A62C52B6F1E7A002F6A80 /* TensorlEngine.framework */; };
		255A62DB2B6F1E7A002F6A80 /* TensorlEngine.framework in Embed Frameworks */ = {isa = PBXBuildFile; fileRef = 255A62C52B6F1E7A002F6A80 /* TensorlEngine.framework */; settings = {ATTRIBUTES = (CodeSignOnCopy, RemoveHeadersOnCopy, ); }; };
		255A62E62B6F1ED4002F6A80 /* Logger.swift in Sources */ = {isa = PBXBuildFile; fileRef = 255A62E52B6F1ED4002F6A80 /* Logger.swift */; };
		255B6B882B56210E00DB8EA0 /* CreationWindowView.swift in Sources */ = {isa = PBXBuildFile; fileRef = 255B6B872B56210E00DB8EA0 /* CreationWindowView.swift */; };
		255B6B8C2B56210F00DB8EA0 /* Assets.xcassets in Resources */ = {isa = PBXBuildFile; fileRef = 255B6B8B2B56210F00DB8EA0 /* Assets.xcassets */; };
		255B6B902B56210F00DB8EA0 /* Preview Assets.xcassets in Resources */ = {isa = PBXBuildFile; fileRef = 255B6B8F2B56210F00DB8EA0 /* Preview Assets.xcassets */; };
		255B6B9B2B56210F00DB8EA0 /* TensorlTests.swift in Sources */ = {isa = PBXBuildFile; fileRef = 255B6B9A2B56210F00DB8EA0 /* TensorlTests.swift */; };
		255B6BA52B56210F00DB8EA0 /* TensorlUITests.swift in Sources */ = {isa = PBXBuildFile; fileRef = 255B6BA42B56210F00DB8EA0 /* TensorlUITests.swift */; };
		255B6BA72B56210F00DB8EA0 /* TensorlUITestsLaunchTests.swift in Sources */ = {isa = PBXBuildFile; fileRef = 255B6BA62B56210F00DB8EA0 /* TensorlUITestsLaunchTests.swift */; };
		255D04A22B598B4800D86F17 /* HomeView.swift in Sources */ = {isa = PBXBuildFile; fileRef = 255D04A12B598B4800D86F17 /* HomeView.swift */; };
		255F193F2B60C49800412B3B /* SettingsView.swift in Sources */ = {isa = PBXBuildFile; fileRef = 255F193E2B60C49800412B3B /* SettingsView.swift */; };
		255F19422B615D4000412B3B /* VisualEffectView.swift in Sources */ = {isa = PBXBuildFile; fileRef = 255F19412B615D4000412B3B /* VisualEffectView.swift */; };
		255F19462B6174F100412B3B /* WindowManagement in Frameworks */ = {isa = PBXBuildFile; productRef = 255F19452B6174F100412B3B /* WindowManagement */; };
		258568D12B69F3B100E93DD5 /* WindowClose.swift in Sources */ = {isa = PBXBuildFile; fileRef = 258568D02B69F3B100E93DD5 /* WindowClose.swift */; };
		25A1CCEF2B5EBA4600CFEB5E /* Logging in Frameworks */ = {isa = PBXBuildFile; productRef = 25A1CCEE2B5EBA4600CFEB5E /* Logging */; };
		25A3AC512B68108400A2C05B /* SUM.swift in Sources */ = {isa = PBXBuildFile; fileRef = 25A3AC502B68108400A2C05B /* SUM.swift */; };
		25A3AC532B6811BC00A2C05B /* DataTypes.swift in Sources */ = {isa = PBXBuildFile; fileRef = 25A3AC522B6811BC00A2C05B /* DataTypes.swift */; };
		25CA4BD62B64B6E700680842 /* WelcomeWindow.swift in Sources */ = {isa = PBXBuildFile; fileRef = 25CA4BD52B64B6E700680842 /* WelcomeWindow.swift */; };
		25CA4BD82B64B89A00680842 /* NSApp+openWindow.swift in Sources */ = {isa = PBXBuildFile; fileRef = 25CA4BD72B64B89A00680842 /* NSApp+openWindow.swift */; };
		25CA4BDD2B64BAD300680842 /* TensorWindow.swift in Sources */ = {isa = PBXBuildFile; fileRef = 25CA4BDC2B64BAD300680842 /* TensorWindow.swift */; };
		25E21AC72B65FAE60071D4CC /* FXAdaptor.swift in Sources */ = {isa = PBXBuildFile; fileRef = 25E21AC62B65FAE60071D4CC /* FXAdaptor.swift */; };
		25E21AC92B65FB8B0071D4CC /* Rand.swift in Sources */ = {isa = PBXBuildFile; fileRef = 25E21AC82B65FB8B0071D4CC /* Rand.swift */; };
		25FE06232B5FCB8700DE562F /* AppDelegate.swift in Sources */ = {isa = PBXBuildFile; fileRef = 25FE06222B5FCB8700DE562F /* AppDelegate.swift */; };
		25FE06652B60248400DE562F /* TensorlApp.swift in Sources */ = {isa = PBXBuildFile; fileRef = 25FE06642B60248400DE562F /* TensorlApp.swift */; };
/* End PBXBuildFile section */

/* Begin PBXContainerItemProxy section */
		255A62D02B6F1E7A002F6A80 /* PBXContainerItemProxy */ = {
			isa = PBXContainerItemProxy;
			containerPortal = 255B6B7A2B56210D00DB8EA0 /* Project object */;
			proxyType = 1;
			remoteGlobalIDString = 255A62C42B6F1E7A002F6A80;
			remoteInfo = TensorlEngine;
		};
		255A62D22B6F1E7A002F6A80 /* PBXContainerItemProxy */ = {
			isa = PBXContainerItemProxy;
			containerPortal = 255B6B7A2B56210D00DB8EA0 /* Project object */;
			proxyType = 1;
			remoteGlobalIDString = 255B6B812B56210E00DB8EA0;
			remoteInfo = Tensorl;
		};
		255A62D82B6F1E7A002F6A80 /* PBXContainerItemProxy */ = {
			isa = PBXContainerItemProxy;
			containerPortal = 255B6B7A2B56210D00DB8EA0 /* Project object */;
			proxyType = 1;
			remoteGlobalIDString = 255A62C42B6F1E7A002F6A80;
			remoteInfo = TensorlEngine;
		};
		255B6B972B56210F00DB8EA0 /* PBXContainerItemProxy */ = {
			isa = PBXContainerItemProxy;
			containerPortal = 255B6B7A2B56210D00DB8EA0 /* Project object */;
			proxyType = 1;
			remoteGlobalIDString = 255B6B812B56210E00DB8EA0;
			remoteInfo = Tensorl;
		};
		255B6BA12B56210F00DB8EA0 /* PBXContainerItemProxy */ = {
			isa = PBXContainerItemProxy;
			containerPortal = 255B6B7A2B56210D00DB8EA0 /* Project object */;
			proxyType = 1;
			remoteGlobalIDString = 255B6B812B56210E00DB8EA0;
			remoteInfo = Tensorl;
		};
/* End PBXContainerItemProxy section */

/* Begin PBXCopyFilesBuildPhase section */
		255A62DF2B6F1E7A002F6A80 /* Embed Frameworks */ = {
			isa = PBXCopyFilesBuildPhase;
			buildActionMask = 2147483647;
			dstPath = "";
			dstSubfolderSpec = 10;
			files = (
				255A62DB2B6F1E7A002F6A80 /* TensorlEngine.framework in Embed Frameworks */,
			);
			name = "Embed Frameworks";
			runOnlyForDeploymentPostprocessing = 0;
		};
/* End PBXCopyFilesBuildPhase section */

/* Begin PBXFileReference section */
		2508466A2B5AD77200DC6C9C /* TensorWindowView.swift */ = {isa = PBXFileReference; lastKnownFileType = sourcecode.swift; path = TensorWindowView.swift; sourceTree = "<group>"; };
		251BFB462B668FB500EB50DF /* RandSecure.swift */ = {isa = PBXFileReference; lastKnownFileType = sourcecode.swift; path = RandSecure.swift; sourceTree = "<group>"; };
		252791842B60B94B00BDAFCF /* Scenes.swift */ = {isa = PBXFileReference; lastKnownFileType = sourcecode.swift; path = Scenes.swift; sourceTree = "<group>"; };
		2544C5932B62ACE500BD04F3 /* TSWindowManager.swift */ = {isa = PBXFileReference; lastKnownFileType = sourcecode.swift; path = TSWindowManager.swift; sourceTree = "<group>"; };
		255A62C52B6F1E7A002F6A80 /* TensorlEngine.framework */ = {isa = PBXFileReference; explicitFileType = wrapper.framework; includeInIndex = 0; path = TensorlEngine.framework; sourceTree = BUILT_PRODUCTS_DIR; };
		255A62C72B6F1E7A002F6A80 /* TensorlEngine.h */ = {isa = PBXFileReference; lastKnownFileType = sourcecode.c.h; path = TensorlEngine.h; sourceTree = "<group>"; };
		255A62C82B6F1E7A002F6A80 /* TensorlEngine.docc */ = {isa = PBXFileReference; lastKnownFileType = folder.documentationcatalog; path = TensorlEngine.docc; sourceTree = "<group>"; };
		255A62CE2B6F1E7A002F6A80 /* TensorlEngineTests.xctest */ = {isa = PBXFileReference; explicitFileType = wrapper.cfbundle; includeInIndex = 0; path = TensorlEngineTests.xctest; sourceTree = BUILT_PRODUCTS_DIR; };
		255A62D52B6F1E7A002F6A80 /* TensorlEngineTests.swift */ = {isa = PBXFileReference; lastKnownFileType = sourcecode.swift; path = TensorlEngineTests.swift; sourceTree = "<group>"; };
		255A62E52B6F1ED4002F6A80 /* Logger.swift */ = {isa = PBXFileReference; lastKnownFileType = sourcecode.swift; path = Logger.swift; sourceTree = "<group>"; };
		255B6B822B56210E00DB8EA0 /* Tensorl.app */ = {isa = PBXFileReference; explicitFileType = wrapper.application; includeInIndex = 0; path = Tensorl.app; sourceTree = BUILT_PRODUCTS_DIR; };
		255B6B872B56210E00DB8EA0 /* CreationWindowView.swift */ = {isa = PBXFileReference; lastKnownFileType = sourcecode.swift; path = CreationWindowView.swift; sourceTree = "<group>"; };
		255B6B8B2B56210F00DB8EA0 /* Assets.xcassets */ = {isa = PBXFileReference; lastKnownFileType = folder.assetcatalog; path = Assets.xcassets; sourceTree = "<group>"; };
		255B6B8D2B56210F00DB8EA0 /* Tensorl.entitlements */ = {isa = PBXFileReference; lastKnownFileType = text.plist.entitlements; path = Tensorl.entitlements; sourceTree = "<group>"; };
		255B6B8F2B56210F00DB8EA0 /* Preview Assets.xcassets */ = {isa = PBXFileReference; lastKnownFileType = folder.assetcatalog; path = "Preview Assets.xcassets"; sourceTree = "<group>"; };
		255B6B912B56210F00DB8EA0 /* Info.plist */ = {isa = PBXFileReference; lastKnownFileType = text.plist.xml; path = Info.plist; sourceTree = "<group>"; };
		255B6B962B56210F00DB8EA0 /* TensorlTests.xctest */ = {isa = PBXFileReference; explicitFileType = wrapper.cfbundle; includeInIndex = 0; path = TensorlTests.xctest; sourceTree = BUILT_PRODUCTS_DIR; };
		255B6B9A2B56210F00DB8EA0 /* TensorlTests.swift */ = {isa = PBXFileReference; lastKnownFileType = sourcecode.swift; path = TensorlTests.swift; sourceTree = "<group>"; };
		255B6BA02B56210F00DB8EA0 /* TensorlUITests.xctest */ = {isa = PBXFileReference; explicitFileType = wrapper.cfbundle; includeInIndex = 0; path = TensorlUITests.xctest; sourceTree = BUILT_PRODUCTS_DIR; };
		255B6BA42B56210F00DB8EA0 /* TensorlUITests.swift */ = {isa = PBXFileReference; lastKnownFileType = sourcecode.swift; path = TensorlUITests.swift; sourceTree = "<group>"; };
		255B6BA62B56210F00DB8EA0 /* TensorlUITestsLaunchTests.swift */ = {isa = PBXFileReference; lastKnownFileType = sourcecode.swift; path = TensorlUITestsLaunchTests.swift; sourceTree = "<group>"; };
		255D04A12B598B4800D86F17 /* HomeView.swift */ = {isa = PBXFileReference; lastKnownFileType = sourcecode.swift; path = HomeView.swift; sourceTree = "<group>"; };
		255F193E2B60C49800412B3B /* SettingsView.swift */ = {isa = PBXFileReference; lastKnownFileType = sourcecode.swift; path = SettingsView.swift; sourceTree = "<group>"; };
		255F19412B615D4000412B3B /* VisualEffectView.swift */ = {isa = PBXFileReference; lastKnownFileType = sourcecode.swift; path = VisualEffectView.swift; sourceTree = "<group>"; };
		258568D02B69F3B100E93DD5 /* WindowClose.swift */ = {isa = PBXFileReference; lastKnownFileType = sourcecode.swift; path = WindowClose.swift; sourceTree = "<group>"; };
		25A3AC502B68108400A2C05B /* SUM.swift */ = {isa = PBXFileReference; lastKnownFileType = sourcecode.swift; path = SUM.swift; sourceTree = "<group>"; };
		25A3AC522B6811BC00A2C05B /* DataTypes.swift */ = {isa = PBXFileReference; lastKnownFileType = sourcecode.swift; path = DataTypes.swift; sourceTree = "<group>"; };
		25CA4BD52B64B6E700680842 /* WelcomeWindow.swift */ = {isa = PBXFileReference; lastKnownFileType = sourcecode.swift; path = WelcomeWindow.swift; sourceTree = "<group>"; };
		25CA4BD72B64B89A00680842 /* NSApp+openWindow.swift */ = {isa = PBXFileReference; lastKnownFileType = sourcecode.swift; path = "NSApp+openWindow.swift"; sourceTree = "<group>"; };
		25CA4BDC2B64BAD300680842 /* TensorWindow.swift */ = {isa = PBXFileReference; lastKnownFileType = sourcecode.swift; path = TensorWindow.swift; sourceTree = "<group>"; };
		25E21AC62B65FAE60071D4CC /* FXAdaptor.swift */ = {isa = PBXFileReference; lastKnownFileType = sourcecode.swift; path = FXAdaptor.swift; sourceTree = "<group>"; };
		25E21AC82B65FB8B0071D4CC /* Rand.swift */ = {isa = PBXFileReference; lastKnownFileType = sourcecode.swift; path = Rand.swift; sourceTree = "<group>"; };
		25FE06222B5FCB8700DE562F /* AppDelegate.swift */ = {isa = PBXFileReference; lastKnownFileType = sourcecode.swift; path = AppDelegate.swift; sourceTree = "<group>"; };
		25FE06642B60248400DE562F /* TensorlApp.swift */ = {isa = PBXFileReference; lastKnownFileType = sourcecode.swift; path = TensorlApp.swift; sourceTree = "<group>"; };
/* End PBXFileReference section */

/* Begin PBXFrameworksBuildPhase section */
		255A62C22B6F1E7A002F6A80 /* Frameworks */ = {
			isa = PBXFrameworksBuildPhase;
			buildActionMask = 2147483647;
			files = (
			);
			runOnlyForDeploymentPostprocessing = 0;
		};
		255A62CB2B6F1E7A002F6A80 /* Frameworks */ = {
			isa = PBXFrameworksBuildPhase;
			buildActionMask = 2147483647;
			files = (
				255A62CF2B6F1E7A002F6A80 /* TensorlEngine.framework in Frameworks */,
			);
			runOnlyForDeploymentPostprocessing = 0;
		};
		255B6B7F2B56210E00DB8EA0 /* Frameworks */ = {
			isa = PBXFrameworksBuildPhase;
			buildActionMask = 2147483647;
			files = (
				255A62DA2B6F1E7A002F6A80 /* TensorlEngine.framework in Frameworks */,
				25A1CCEF2B5EBA4600CFEB5E /* Logging in Frameworks */,
				255F19462B6174F100412B3B /* WindowManagement in Frameworks */,
				251BFB4A2B66900800EB50DF /* DataLogic in Frameworks */,
			);
			runOnlyForDeploymentPostprocessing = 0;
		};
		255B6B932B56210F00DB8EA0 /* Frameworks */ = {
			isa = PBXFrameworksBuildPhase;
			buildActionMask = 2147483647;
			files = (
			);
			runOnlyForDeploymentPostprocessing = 0;
		};
		255B6B9D2B56210F00DB8EA0 /* Frameworks */ = {
			isa = PBXFrameworksBuildPhase;
			buildActionMask = 2147483647;
			files = (
			);
			runOnlyForDeploymentPostprocessing = 0;
		};
/* End PBXFrameworksBuildPhase section */

/* Begin PBXGroup section */
		250846692B5AD76400DC6C9C /* Windows */ = {
			isa = PBXGroup;
			children = (
				25CA4BDE2B64BAD700680842 /* Tensor */,
				25CA4BD42B64B6DE00680842 /* Welcome */,
			);
			path = Windows;
			sourceTree = "<group>";
		};
		2516E75E2B6493F500845458 /* Vendor */ = {
			isa = PBXGroup;
			children = (
			);
			path = Vendor;
			sourceTree = "<group>";
		};
		2544C58E2B62AB7400BD04F3 /* Utils */ = {
			isa = PBXGroup;
			children = (
				2544C5932B62ACE500BD04F3 /* TSWindowManager.swift */,
				25CA4BD72B64B89A00680842 /* NSApp+openWindow.swift */,
			);
			path = Utils;
			sourceTree = "<group>";
		};
		255A62C62B6F1E7A002F6A80 /* TensorlEngine */ = {
			isa = PBXGroup;
			children = (
				255A62E32B6F1E92002F6A80 /* Utils */,
				258568CF2B69F17900E93DD5 /* Functions */,
				255A62C72B6F1E7A002F6A80 /* TensorlEngine.h */,
				255A62C82B6F1E7A002F6A80 /* TensorlEngine.docc */,
			);
			path = TensorlEngine;
			sourceTree = "<group>";
		};
		255A62D42B6F1E7A002F6A80 /* TensorlEngineTests */ = {
			isa = PBXGroup;
			children = (
				255A62D52B6F1E7A002F6A80 /* TensorlEngineTests.swift */,
			);
			path = TensorlEngineTests;
			sourceTree = "<group>";
		};
		255A62E32B6F1E92002F6A80 /* Utils */ = {
			isa = PBXGroup;
			children = (
				255A62E42B6F1E98002F6A80 /* Logger */,
			);
			path = Utils;
			sourceTree = "<group>";
		};
		255A62E42B6F1E98002F6A80 /* Logger */ = {
			isa = PBXGroup;
			children = (
				255A62E52B6F1ED4002F6A80 /* Logger.swift */,
			);
			path = Logger;
			sourceTree = "<group>";
		};
		255B6B792B56210D00DB8EA0 = {
			isa = PBXGroup;
			children = (
				255B6B842B56210E00DB8EA0 /* Tensorl */,
				255B6B992B56210F00DB8EA0 /* TensorlTests */,
				255B6BA32B56210F00DB8EA0 /* TensorlUITests */,
				255A62C62B6F1E7A002F6A80 /* TensorlEngine */,
				255A62D42B6F1E7A002F6A80 /* TensorlEngineTests */,
				255B6B832B56210E00DB8EA0 /* Products */,
			);
			sourceTree = "<group>";
		};
		255B6B832B56210E00DB8EA0 /* Products */ = {
			isa = PBXGroup;
			children = (
				255B6B822B56210E00DB8EA0 /* Tensorl.app */,
				255B6B962B56210F00DB8EA0 /* TensorlTests.xctest */,
				255B6BA02B56210F00DB8EA0 /* TensorlUITests.xctest */,
				255A62C52B6F1E7A002F6A80 /* TensorlEngine.framework */,
				255A62CE2B6F1E7A002F6A80 /* TensorlEngineTests.xctest */,
			);
			name = Products;
			sourceTree = "<group>";
		};
		255B6B842B56210E00DB8EA0 /* Tensorl */ = {
			isa = PBXGroup;
			children = (
				25E21AC52B65FA480071D4CC /* Engine */,
				2516E75E2B6493F500845458 /* Vendor */,
				2544C58E2B62AB7400BD04F3 /* Utils */,
				255F19432B61697900412B3B /* App */,
				255F19402B615D3500412B3B /* Views */,
				255F193C2B60C48800412B3B /* Features */,
				250846692B5AD76400DC6C9C /* Windows */,
				255B6B8B2B56210F00DB8EA0 /* Assets.xcassets */,
				255B6B8D2B56210F00DB8EA0 /* Tensorl.entitlements */,
				255B6B912B56210F00DB8EA0 /* Info.plist */,
				255B6B8E2B56210F00DB8EA0 /* Preview Content */,
				255D04A12B598B4800D86F17 /* HomeView.swift */,
				252791842B60B94B00BDAFCF /* Scenes.swift */,
			);
			path = Tensorl;
			sourceTree = "<group>";
		};
		255B6B8E2B56210F00DB8EA0 /* Preview Content */ = {
			isa = PBXGroup;
			children = (
				255B6B8F2B56210F00DB8EA0 /* Preview Assets.xcassets */,
			);
			path = "Preview Content";
			sourceTree = "<group>";
		};
		255B6B992B56210F00DB8EA0 /* TensorlTests */ = {
			isa = PBXGroup;
			children = (
				255B6B9A2B56210F00DB8EA0 /* TensorlTests.swift */,
			);
			path = TensorlTests;
			sourceTree = "<group>";
		};
		255B6BA32B56210F00DB8EA0 /* TensorlUITests */ = {
			isa = PBXGroup;
			children = (
				255B6BA42B56210F00DB8EA0 /* TensorlUITests.swift */,
				255B6BA62B56210F00DB8EA0 /* TensorlUITestsLaunchTests.swift */,
			);
			path = TensorlUITests;
			sourceTree = "<group>";
		};
		255F193C2B60C48800412B3B /* Features */ = {
			isa = PBXGroup;
			children = (
				255F193D2B60C48F00412B3B /* Settings */,
			);
			path = Features;
			sourceTree = "<group>";
		};
		255F193D2B60C48F00412B3B /* Settings */ = {
			isa = PBXGroup;
			children = (
				255F193E2B60C49800412B3B /* SettingsView.swift */,
			);
			path = Settings;
			sourceTree = "<group>";
		};
		255F19402B615D3500412B3B /* Views */ = {
			isa = PBXGroup;
			children = (
				255F19412B615D4000412B3B /* VisualEffectView.swift */,
				258568D02B69F3B100E93DD5 /* WindowClose.swift */,
			);
			path = Views;
			sourceTree = "<group>";
		};
		255F19432B61697900412B3B /* App */ = {
			isa = PBXGroup;
			children = (
				25FE06222B5FCB8700DE562F /* AppDelegate.swift */,
				25FE06642B60248400DE562F /* TensorlApp.swift */,
			);
			path = App;
			sourceTree = "<group>";
		};
		258568CF2B69F17900E93DD5 /* Functions */ = {
			isa = PBXGroup;
			children = (
				25A3AC502B68108400A2C05B /* SUM.swift */,
				25E21AC82B65FB8B0071D4CC /* Rand.swift */,
				251BFB462B668FB500EB50DF /* RandSecure.swift */,
			);
			path = Functions;
			sourceTree = "<group>";
		};
		25CA4BD42B64B6DE00680842 /* Welcome */ = {
			isa = PBXGroup;
			children = (
				255B6B872B56210E00DB8EA0 /* CreationWindowView.swift */,
				25CA4BD52B64B6E700680842 /* WelcomeWindow.swift */,
			);
			path = Welcome;
			sourceTree = "<group>";
		};
		25CA4BDE2B64BAD700680842 /* Tensor */ = {
			isa = PBXGroup;
			children = (
				2508466A2B5AD77200DC6C9C /* TensorWindowView.swift */,
				25CA4BDC2B64BAD300680842 /* TensorWindow.swift */,
			);
			path = Tensor;
			sourceTree = "<group>";
		};
		25E21AC52B65FA480071D4CC /* Engine */ = {
			isa = PBXGroup;
			children = (
				25E21AC62B65FAE60071D4CC /* FXAdaptor.swift */,
				25A3AC522B6811BC00A2C05B /* DataTypes.swift */,
			);
			path = Engine;
			sourceTree = "<group>";
		};
/* End PBXGroup section */

/* Begin PBXHeadersBuildPhase section */
		255A62C02B6F1E7A002F6A80 /* Headers */ = {
			isa = PBXHeadersBuildPhase;
			buildActionMask = 2147483647;
			files = (
				255A62D72B6F1E7A002F6A80 /* TensorlEngine.h in Headers */,
			);
			runOnlyForDeploymentPostprocessing = 0;
		};
/* End PBXHeadersBuildPhase section */

/* Begin PBXNativeTarget section */
		255A62C42B6F1E7A002F6A80 /* TensorlEngine */ = {
			isa = PBXNativeTarget;
			buildConfigurationList = 255A62DC2B6F1E7A002F6A80 /* Build configuration list for PBXNativeTarget "TensorlEngine" */;
			buildPhases = (
				255A62C02B6F1E7A002F6A80 /* Headers */,
				255A62C12B6F1E7A002F6A80 /* Sources */,
				255A62C22B6F1E7A002F6A80 /* Frameworks */,
				255A62C32B6F1E7A002F6A80 /* Resources */,
			);
			buildRules = (
			);
			dependencies = (
			);
			name = TensorlEngine;
			productName = TensorlEngine;
			productReference = 255A62C52B6F1E7A002F6A80 /* TensorlEngine.framework */;
			productType = "com.apple.product-type.framework";
		};
		255A62CD2B6F1E7A002F6A80 /* TensorlEngineTests */ = {
			isa = PBXNativeTarget;
			buildConfigurationList = 255A62E02B6F1E7A002F6A80 /* Build configuration list for PBXNativeTarget "TensorlEngineTests" */;
			buildPhases = (
				255A62CA2B6F1E7A002F6A80 /* Sources */,
				255A62CB2B6F1E7A002F6A80 /* Frameworks */,
				255A62CC2B6F1E7A002F6A80 /* Resources */,
			);
			buildRules = (
			);
			dependencies = (
				255A62D12B6F1E7A002F6A80 /* PBXTargetDependency */,
				255A62D32B6F1E7A002F6A80 /* PBXTargetDependency */,
			);
			name = TensorlEngineTests;
			productName = TensorlEngineTests;
			productReference = 255A62CE2B6F1E7A002F6A80 /* TensorlEngineTests.xctest */;
			productType = "com.apple.product-type.bundle.unit-test";
		};
		255B6B812B56210E00DB8EA0 /* Tensorl */ = {
			isa = PBXNativeTarget;
			buildConfigurationList = 255B6BAA2B56210F00DB8EA0 /* Build configuration list for PBXNativeTarget "Tensorl" */;
			buildPhases = (
				255B6B7E2B56210E00DB8EA0 /* Sources */,
				255B6B7F2B56210E00DB8EA0 /* Frameworks */,
				255B6B802B56210E00DB8EA0 /* Resources */,
				255A62DF2B6F1E7A002F6A80 /* Embed Frameworks */,
			);
			buildRules = (
			);
			dependencies = (
				255A62D92B6F1E7A002F6A80 /* PBXTargetDependency */,
			);
			name = Tensorl;
			packageProductDependencies = (
				25A1CCEE2B5EBA4600CFEB5E /* Logging */,
				255F19452B6174F100412B3B /* WindowManagement */,
				251BFB492B66900800EB50DF /* DataLogic */,
			);
			productName = Tensorl;
			productReference = 255B6B822B56210E00DB8EA0 /* Tensorl.app */;
			productType = "com.apple.product-type.application";
		};
		255B6B952B56210F00DB8EA0 /* TensorlTests */ = {
			isa = PBXNativeTarget;
			buildConfigurationList = 255B6BAD2B56210F00DB8EA0 /* Build configuration list for PBXNativeTarget "TensorlTests" */;
			buildPhases = (
				255B6B922B56210F00DB8EA0 /* Sources */,
				255B6B932B56210F00DB8EA0 /* Frameworks */,
				255B6B942B56210F00DB8EA0 /* Resources */,
			);
			buildRules = (
			);
			dependencies = (
				255B6B982B56210F00DB8EA0 /* PBXTargetDependency */,
			);
			name = TensorlTests;
			productName = TensorlTests;
			productReference = 255B6B962B56210F00DB8EA0 /* TensorlTests.xctest */;
			productType = "com.apple.product-type.bundle.unit-test";
		};
		255B6B9F2B56210F00DB8EA0 /* TensorlUITests */ = {
			isa = PBXNativeTarget;
			buildConfigurationList = 255B6BB02B56210F00DB8EA0 /* Build configuration list for PBXNativeTarget "TensorlUITests" */;
			buildPhases = (
				255B6B9C2B56210F00DB8EA0 /* Sources */,
				255B6B9D2B56210F00DB8EA0 /* Frameworks */,
				255B6B9E2B56210F00DB8EA0 /* Resources */,
			);
			buildRules = (
			);
			dependencies = (
				255B6BA22B56210F00DB8EA0 /* PBXTargetDependency */,
			);
			name = TensorlUITests;
			productName = TensorlUITests;
			productReference = 255B6BA02B56210F00DB8EA0 /* TensorlUITests.xctest */;
			productType = "com.apple.product-type.bundle.ui-testing";
		};
/* End PBXNativeTarget section */

/* Begin PBXProject section */
		255B6B7A2B56210D00DB8EA0 /* Project object */ = {
			isa = PBXProject;
			attributes = {
				BuildIndependentTargetsInParallel = 1;
				LastSwiftUpdateCheck = 1520;
				LastUpgradeCheck = 1520;
				TargetAttributes = {
					255A62C42B6F1E7A002F6A80 = {
						CreatedOnToolsVersion = 15.2;
					};
					255A62CD2B6F1E7A002F6A80 = {
						CreatedOnToolsVersion = 15.2;
						TestTargetID = 255B6B812B56210E00DB8EA0;
					};
					255B6B812B56210E00DB8EA0 = {
						CreatedOnToolsVersion = 15.2;
					};
					255B6B952B56210F00DB8EA0 = {
						CreatedOnToolsVersion = 15.2;
						TestTargetID = 255B6B812B56210E00DB8EA0;
					};
					255B6B9F2B56210F00DB8EA0 = {
						CreatedOnToolsVersion = 15.2;
						TestTargetID = 255B6B812B56210E00DB8EA0;
					};
				};
			};
			buildConfigurationList = 255B6B7D2B56210D00DB8EA0 /* Build configuration list for PBXProject "Tensorl" */;
			compatibilityVersion = "Xcode 14.0";
			developmentRegion = en;
			hasScannedForEncodings = 0;
			knownRegions = (
				en,
				Base,
			);
			mainGroup = 255B6B792B56210D00DB8EA0;
			packageReferences = (
				25ED8B9F2B57AFA90098DC46 /* XCRemoteSwiftPackageReference "Charts" */,
				25A1CCED2B5EBA4600CFEB5E /* XCRemoteSwiftPackageReference "swift-log" */,
				255F19442B6174F100412B3B /* XCRemoteSwiftPackageReference "SwiftUI-WindowManagement" */,
				251BFB482B66900800EB50DF /* XCRemoteSwiftPackageReference "DataLogic.swift" */,
			);
			productRefGroup = 255B6B832B56210E00DB8EA0 /* Products */;
			projectDirPath = "";
			projectRoot = "";
			targets = (
				255B6B812B56210E00DB8EA0 /* Tensorl */,
				255B6B952B56210F00DB8EA0 /* TensorlTests */,
				255B6B9F2B56210F00DB8EA0 /* TensorlUITests */,
				255A62C42B6F1E7A002F6A80 /* TensorlEngine */,
				255A62CD2B6F1E7A002F6A80 /* TensorlEngineTests */,
			);
		};
/* End PBXProject section */

/* Begin PBXResourcesBuildPhase section */
		255A62C32B6F1E7A002F6A80 /* Resources */ = {
			isa = PBXResourcesBuildPhase;
			buildActionMask = 2147483647;
			files = (
			);
			runOnlyForDeploymentPostprocessing = 0;
		};
		255A62CC2B6F1E7A002F6A80 /* Resources */ = {
			isa = PBXResourcesBuildPhase;
			buildActionMask = 2147483647;
			files = (
			);
			runOnlyForDeploymentPostprocessing = 0;
		};
		255B6B802B56210E00DB8EA0 /* Resources */ = {
			isa = PBXResourcesBuildPhase;
			buildActionMask = 2147483647;
			files = (
				255B6B902B56210F00DB8EA0 /* Preview Assets.xcassets in Resources */,
				255B6B8C2B56210F00DB8EA0 /* Assets.xcassets in Resources */,
			);
			runOnlyForDeploymentPostprocessing = 0;
		};
		255B6B942B56210F00DB8EA0 /* Resources */ = {
			isa = PBXResourcesBuildPhase;
			buildActionMask = 2147483647;
			files = (
			);
			runOnlyForDeploymentPostprocessing = 0;
		};
		255B6B9E2B56210F00DB8EA0 /* Resources */ = {
			isa = PBXResourcesBuildPhase;
			buildActionMask = 2147483647;
			files = (
			);
			runOnlyForDeploymentPostprocessing = 0;
		};
/* End PBXResourcesBuildPhase section */

/* Begin PBXSourcesBuildPhase section */
		255A62C12B6F1E7A002F6A80 /* Sources */ = {
			isa = PBXSourcesBuildPhase;
			buildActionMask = 2147483647;
			files = (
				255A62C92B6F1E7A002F6A80 /* TensorlEngine.docc in Sources */,
				255A62E62B6F1ED4002F6A80 /* Logger.swift in Sources */,
			);
			runOnlyForDeploymentPostprocessing = 0;
		};
		255A62CA2B6F1E7A002F6A80 /* Sources */ = {
			isa = PBXSourcesBuildPhase;
			buildActionMask = 2147483647;
			files = (
				255A62D62B6F1E7A002F6A80 /* TensorlEngineTests.swift in Sources */,
			);
			runOnlyForDeploymentPostprocessing = 0;
		};
		255B6B7E2B56210E00DB8EA0 /* Sources */ = {
			isa = PBXSourcesBuildPhase;
			buildActionMask = 2147483647;
			files = (
				25CA4BD82B64B89A00680842 /* NSApp+openWindow.swift in Sources */,
				2544C5942B62ACE500BD04F3 /* TSWindowManager.swift in Sources */,
				255B6B882B56210E00DB8EA0 /* CreationWindowView.swift in Sources */,
				251BFB472B668FB500EB50DF /* RandSecure.swift in Sources */,
				25A3AC532B6811BC00A2C05B /* DataTypes.swift in Sources */,
				25E21AC92B65FB8B0071D4CC /* Rand.swift in Sources */,
				25CA4BDD2B64BAD300680842 /* TensorWindow.swift in Sources */,
				255D04A22B598B4800D86F17 /* HomeView.swift in Sources */,
				255F19422B615D4000412B3B /* VisualEffectView.swift in Sources */,
				255F193F2B60C49800412B3B /* SettingsView.swift in Sources */,
				25A3AC512B68108400A2C05B /* SUM.swift in Sources */,
				25FE06652B60248400DE562F /* TensorlApp.swift in Sources */,
				258568D12B69F3B100E93DD5 /* WindowClose.swift in Sources */,
				25CA4BD62B64B6E700680842 /* WelcomeWindow.swift in Sources */,
				252791852B60B94B00BDAFCF /* Scenes.swift in Sources */,
				25FE06232B5FCB8700DE562F /* AppDelegate.swift in Sources */,
				2508466B2B5AD77200DC6C9C /* TensorWindowView.swift in Sources */,
				25E21AC72B65FAE60071D4CC /* FXAdaptor.swift in Sources */,
			);
			runOnlyForDeploymentPostprocessing = 0;
		};
		255B6B922B56210F00DB8EA0 /* Sources */ = {
			isa = PBXSourcesBuildPhase;
			buildActionMask = 2147483647;
			files = (
				255B6B9B2B56210F00DB8EA0 /* TensorlTests.swift in Sources */,
			);
			runOnlyForDeploymentPostprocessing = 0;
		};
		255B6B9C2B56210F00DB8EA0 /* Sources */ = {
			isa = PBXSourcesBuildPhase;
			buildActionMask = 2147483647;
			files = (
				255B6BA72B56210F00DB8EA0 /* TensorlUITestsLaunchTests.swift in Sources */,
				255B6BA52B56210F00DB8EA0 /* TensorlUITests.swift in Sources */,
			);
			runOnlyForDeploymentPostprocessing = 0;
		};
/* End PBXSourcesBuildPhase section */

/* Begin PBXTargetDependency section */
		255A62D12B6F1E7A002F6A80 /* PBXTargetDependency */ = {
			isa = PBXTargetDependency;
			target = 255A62C42B6F1E7A002F6A80 /* TensorlEngine */;
			targetProxy = 255A62D02B6F1E7A002F6A80 /* PBXContainerItemProxy */;
		};
		255A62D32B6F1E7A002F6A80 /* PBXTargetDependency */ = {
			isa = PBXTargetDependency;
			target = 255B6B812B56210E00DB8EA0 /* Tensorl */;
			targetProxy = 255A62D22B6F1E7A002F6A80 /* PBXContainerItemProxy */;
		};
		255A62D92B6F1E7A002F6A80 /* PBXTargetDependency */ = {
			isa = PBXTargetDependency;
			target = 255A62C42B6F1E7A002F6A80 /* TensorlEngine */;
			targetProxy = 255A62D82B6F1E7A002F6A80 /* PBXContainerItemProxy */;
		};
		255B6B982B56210F00DB8EA0 /* PBXTargetDependency */ = {
			isa = PBXTargetDependency;
			target = 255B6B812B56210E00DB8EA0 /* Tensorl */;
			targetProxy = 255B6B972B56210F00DB8EA0 /* PBXContainerItemProxy */;
		};
		255B6BA22B56210F00DB8EA0 /* PBXTargetDependency */ = {
			isa = PBXTargetDependency;
			target = 255B6B812B56210E00DB8EA0 /* Tensorl */;
			targetProxy = 255B6BA12B56210F00DB8EA0 /* PBXContainerItemProxy */;
		};
/* End PBXTargetDependency section */

/* Begin XCBuildConfiguration section */
		255A62DD2B6F1E7A002F6A80 /* Debug */ = {
			isa = XCBuildConfiguration;
			buildSettings = {
				CODE_SIGN_STYLE = Automatic;
				CURRENT_PROJECT_VERSION = 1;
				DEFINES_MODULE = YES;
				DEVELOPMENT_TEAM = 8T4P9D4TB2;
				DYLIB_COMPATIBILITY_VERSION = 1;
				DYLIB_CURRENT_VERSION = 1;
				DYLIB_INSTALL_NAME_BASE = "@rpath";
				ENABLE_MODULE_VERIFIER = YES;
				GENERATE_INFOPLIST_FILE = YES;
				INFOPLIST_KEY_NSHumanReadableCopyright = "";
				INSTALL_PATH = "$(LOCAL_LIBRARY_DIR)/Frameworks";
				IPHONEOS_DEPLOYMENT_TARGET = 17.0;
				LD_RUNPATH_SEARCH_PATHS = (
					"@executable_path/Frameworks",
					"@loader_path/Frameworks",
				);
				"LD_RUNPATH_SEARCH_PATHS[sdk=macosx*]" = (
					"@executable_path/../Frameworks",
					"@loader_path/Frameworks",
				);
				MACOSX_DEPLOYMENT_TARGET = 14.0;
				MARKETING_VERSION = 1.0;
				MODULE_VERIFIER_SUPPORTED_LANGUAGES = "objective-c objective-c++";
				MODULE_VERIFIER_SUPPORTED_LANGUAGE_STANDARDS = "gnu17 gnu++20";
				PRODUCT_BUNDLE_IDENTIFIER = com.shotach.TensorlEngine;
				PRODUCT_NAME = "$(TARGET_NAME:c99extidentifier)";
				SDKROOT = auto;
				SKIP_INSTALL = YES;
				SUPPORTED_PLATFORMS = "iphoneos iphonesimulator macosx";
				SWIFT_EMIT_LOC_STRINGS = YES;
				SWIFT_VERSION = 5.0;
				TARGETED_DEVICE_FAMILY = "1,2";
				VERSIONING_SYSTEM = "apple-generic";
				VERSION_INFO_PREFIX = "";
			};
			name = Debug;
		};
		255A62DE2B6F1E7A002F6A80 /* Release */ = {
			isa = XCBuildConfiguration;
			buildSettings = {
				CODE_SIGN_STYLE = Automatic;
				CURRENT_PROJECT_VERSION = 1;
				DEFINES_MODULE = YES;
				DEVELOPMENT_TEAM = 8T4P9D4TB2;
				DYLIB_COMPATIBILITY_VERSION = 1;
				DYLIB_CURRENT_VERSION = 1;
				DYLIB_INSTALL_NAME_BASE = "@rpath";
				ENABLE_MODULE_VERIFIER = YES;
				GENERATE_INFOPLIST_FILE = YES;
				INFOPLIST_KEY_NSHumanReadableCopyright = "";
				INSTALL_PATH = "$(LOCAL_LIBRARY_DIR)/Frameworks";
				IPHONEOS_DEPLOYMENT_TARGET = 17.0;
				LD_RUNPATH_SEARCH_PATHS = (
					"@executable_path/Frameworks",
					"@loader_path/Frameworks",
				);
				"LD_RUNPATH_SEARCH_PATHS[sdk=macosx*]" = (
					"@executable_path/../Frameworks",
					"@loader_path/Frameworks",
				);
				MACOSX_DEPLOYMENT_TARGET = 14.0;
				MARKETING_VERSION = 1.0;
				MODULE_VERIFIER_SUPPORTED_LANGUAGES = "objective-c objective-c++";
				MODULE_VERIFIER_SUPPORTED_LANGUAGE_STANDARDS = "gnu17 gnu++20";
				PRODUCT_BUNDLE_IDENTIFIER = com.shotach.TensorlEngine;
				PRODUCT_NAME = "$(TARGET_NAME:c99extidentifier)";
				SDKROOT = auto;
				SKIP_INSTALL = YES;
				SUPPORTED_PLATFORMS = "iphoneos iphonesimulator macosx";
				SWIFT_EMIT_LOC_STRINGS = YES;
				SWIFT_VERSION = 5.0;
				TARGETED_DEVICE_FAMILY = "1,2";
				VERSIONING_SYSTEM = "apple-generic";
				VERSION_INFO_PREFIX = "";
			};
			name = Release;
		};
		255A62E12B6F1E7A002F6A80 /* Debug */ = {
			isa = XCBuildConfiguration;
			buildSettings = {
				ALWAYS_EMBED_SWIFT_STANDARD_LIBRARIES = YES;
				CODE_SIGN_STYLE = Automatic;
				CURRENT_PROJECT_VERSION = 1;
				DEVELOPMENT_TEAM = 8T4P9D4TB2;
				GENERATE_INFOPLIST_FILE = YES;
				IPHONEOS_DEPLOYMENT_TARGET = 17.2;
				MACOSX_DEPLOYMENT_TARGET = 14.2;
				MARKETING_VERSION = 1.0;
				PRODUCT_BUNDLE_IDENTIFIER = com.shotach.TensorlEngineTests;
				PRODUCT_NAME = "$(TARGET_NAME)";
				SDKROOT = auto;
				SUPPORTED_PLATFORMS = "iphoneos iphonesimulator macosx";
				SWIFT_EMIT_LOC_STRINGS = NO;
				SWIFT_VERSION = 5.0;
				TARGETED_DEVICE_FAMILY = "1,2";
				TEST_HOST = "$(BUILT_PRODUCTS_DIR)/Tensorl.app/$(BUNDLE_EXECUTABLE_FOLDER_PATH)/Tensorl";
			};
			name = Debug;
		};
		255A62E22B6F1E7A002F6A80 /* Release */ = {
			isa = XCBuildConfiguration;
			buildSettings = {
				ALWAYS_EMBED_SWIFT_STANDARD_LIBRARIES = YES;
				CODE_SIGN_STYLE = Automatic;
				CURRENT_PROJECT_VERSION = 1;
				DEVELOPMENT_TEAM = 8T4P9D4TB2;
				GENERATE_INFOPLIST_FILE = YES;
				IPHONEOS_DEPLOYMENT_TARGET = 17.2;
				MACOSX_DEPLOYMENT_TARGET = 14.2;
				MARKETING_VERSION = 1.0;
				PRODUCT_BUNDLE_IDENTIFIER = com.shotach.TensorlEngineTests;
				PRODUCT_NAME = "$(TARGET_NAME)";
				SDKROOT = auto;
				SUPPORTED_PLATFORMS = "iphoneos iphonesimulator macosx";
				SWIFT_EMIT_LOC_STRINGS = NO;
				SWIFT_VERSION = 5.0;
				TARGETED_DEVICE_FAMILY = "1,2";
				TEST_HOST = "$(BUILT_PRODUCTS_DIR)/Tensorl.app/$(BUNDLE_EXECUTABLE_FOLDER_PATH)/Tensorl";
			};
			name = Release;
		};
		255B6BA82B56210F00DB8EA0 /* Debug */ = {
			isa = XCBuildConfiguration;
			buildSettings = {
				ALWAYS_SEARCH_USER_PATHS = NO;
				ASSETCATALOG_COMPILER_GENERATE_SWIFT_ASSET_SYMBOL_EXTENSIONS = YES;
				CLANG_ANALYZER_NONNULL = YES;
				CLANG_ANALYZER_NUMBER_OBJECT_CONVERSION = YES_AGGRESSIVE;
				CLANG_CXX_LANGUAGE_STANDARD = "gnu++20";
				CLANG_ENABLE_MODULES = YES;
				CLANG_ENABLE_OBJC_ARC = YES;
				CLANG_ENABLE_OBJC_WEAK = YES;
				CLANG_WARN_BLOCK_CAPTURE_AUTORELEASING = YES;
				CLANG_WARN_BOOL_CONVERSION = YES;
				CLANG_WARN_COMMA = YES;
				CLANG_WARN_CONSTANT_CONVERSION = YES;
				CLANG_WARN_DEPRECATED_OBJC_IMPLEMENTATIONS = YES;
				CLANG_WARN_DIRECT_OBJC_ISA_USAGE = YES_ERROR;
				CLANG_WARN_DOCUMENTATION_COMMENTS = YES;
				CLANG_WARN_EMPTY_BODY = YES;
				CLANG_WARN_ENUM_CONVERSION = YES;
				CLANG_WARN_INFINITE_RECURSION = YES;
				CLANG_WARN_INT_CONVERSION = YES;
				CLANG_WARN_NON_LITERAL_NULL_CONVERSION = YES;
				CLANG_WARN_OBJC_IMPLICIT_RETAIN_SELF = YES;
				CLANG_WARN_OBJC_LITERAL_CONVERSION = YES;
				CLANG_WARN_OBJC_ROOT_CLASS = YES_ERROR;
				CLANG_WARN_QUOTED_INCLUDE_IN_FRAMEWORK_HEADER = YES;
				CLANG_WARN_RANGE_LOOP_ANALYSIS = YES;
				CLANG_WARN_STRICT_PROTOTYPES = YES;
				CLANG_WARN_SUSPICIOUS_MOVE = YES;
				CLANG_WARN_UNGUARDED_AVAILABILITY = YES_AGGRESSIVE;
				CLANG_WARN_UNREACHABLE_CODE = YES;
				CLANG_WARN__DUPLICATE_METHOD_MATCH = YES;
				COPY_PHASE_STRIP = NO;
				DEBUG_INFORMATION_FORMAT = dwarf;
				ENABLE_STRICT_OBJC_MSGSEND = YES;
				ENABLE_TESTABILITY = YES;
				ENABLE_USER_SCRIPT_SANDBOXING = YES;
				GCC_C_LANGUAGE_STANDARD = gnu17;
				GCC_DYNAMIC_NO_PIC = NO;
				GCC_NO_COMMON_BLOCKS = YES;
				GCC_OPTIMIZATION_LEVEL = 0;
				GCC_PREPROCESSOR_DEFINITIONS = (
					"DEBUG=1",
					"$(inherited)",
				);
				GCC_WARN_64_TO_32_BIT_CONVERSION = YES;
				GCC_WARN_ABOUT_RETURN_TYPE = YES_ERROR;
				GCC_WARN_UNDECLARED_SELECTOR = YES;
				GCC_WARN_UNINITIALIZED_AUTOS = YES_AGGRESSIVE;
				GCC_WARN_UNUSED_FUNCTION = YES;
				GCC_WARN_UNUSED_VARIABLE = YES;
				LOCALIZATION_PREFERS_STRING_CATALOGS = YES;
				MTL_ENABLE_DEBUG_INFO = INCLUDE_SOURCE;
				MTL_FAST_MATH = YES;
				ONLY_ACTIVE_ARCH = YES;
				SWIFT_ACTIVE_COMPILATION_CONDITIONS = "DEBUG $(inherited)";
				SWIFT_OPTIMIZATION_LEVEL = "-Onone";
			};
			name = Debug;
		};
		255B6BA92B56210F00DB8EA0 /* Release */ = {
			isa = XCBuildConfiguration;
			buildSettings = {
				ALWAYS_SEARCH_USER_PATHS = NO;
				ASSETCATALOG_COMPILER_GENERATE_SWIFT_ASSET_SYMBOL_EXTENSIONS = YES;
				CLANG_ANALYZER_NONNULL = YES;
				CLANG_ANALYZER_NUMBER_OBJECT_CONVERSION = YES_AGGRESSIVE;
				CLANG_CXX_LANGUAGE_STANDARD = "gnu++20";
				CLANG_ENABLE_MODULES = YES;
				CLANG_ENABLE_OBJC_ARC = YES;
				CLANG_ENABLE_OBJC_WEAK = YES;
				CLANG_WARN_BLOCK_CAPTURE_AUTORELEASING = YES;
				CLANG_WARN_BOOL_CONVERSION = YES;
				CLANG_WARN_COMMA = YES;
				CLANG_WARN_CONSTANT_CONVERSION = YES;
				CLANG_WARN_DEPRECATED_OBJC_IMPLEMENTATIONS = YES;
				CLANG_WARN_DIRECT_OBJC_ISA_USAGE = YES_ERROR;
				CLANG_WARN_DOCUMENTATION_COMMENTS = YES;
				CLANG_WARN_EMPTY_BODY = YES;
				CLANG_WARN_ENUM_CONVERSION = YES;
				CLANG_WARN_INFINITE_RECURSION = YES;
				CLANG_WARN_INT_CONVERSION = YES;
				CLANG_WARN_NON_LITERAL_NULL_CONVERSION = YES;
				CLANG_WARN_OBJC_IMPLICIT_RETAIN_SELF = YES;
				CLANG_WARN_OBJC_LITERAL_CONVERSION = YES;
				CLANG_WARN_OBJC_ROOT_CLASS = YES_ERROR;
				CLANG_WARN_QUOTED_INCLUDE_IN_FRAMEWORK_HEADER = YES;
				CLANG_WARN_RANGE_LOOP_ANALYSIS = YES;
				CLANG_WARN_STRICT_PROTOTYPES = YES;
				CLANG_WARN_SUSPICIOUS_MOVE = YES;
				CLANG_WARN_UNGUARDED_AVAILABILITY = YES_AGGRESSIVE;
				CLANG_WARN_UNREACHABLE_CODE = YES;
				CLANG_WARN__DUPLICATE_METHOD_MATCH = YES;
				COPY_PHASE_STRIP = NO;
				DEBUG_INFORMATION_FORMAT = "dwarf-with-dsym";
				ENABLE_NS_ASSERTIONS = NO;
				ENABLE_STRICT_OBJC_MSGSEND = YES;
				ENABLE_USER_SCRIPT_SANDBOXING = YES;
				GCC_C_LANGUAGE_STANDARD = gnu17;
				GCC_NO_COMMON_BLOCKS = YES;
				GCC_WARN_64_TO_32_BIT_CONVERSION = YES;
				GCC_WARN_ABOUT_RETURN_TYPE = YES_ERROR;
				GCC_WARN_UNDECLARED_SELECTOR = YES;
				GCC_WARN_UNINITIALIZED_AUTOS = YES_AGGRESSIVE;
				GCC_WARN_UNUSED_FUNCTION = YES;
				GCC_WARN_UNUSED_VARIABLE = YES;
				LOCALIZATION_PREFERS_STRING_CATALOGS = YES;
				MTL_ENABLE_DEBUG_INFO = NO;
				MTL_FAST_MATH = YES;
				SWIFT_COMPILATION_MODE = wholemodule;
			};
			name = Release;
		};
		255B6BAB2B56210F00DB8EA0 /* Debug */ = {
			isa = XCBuildConfiguration;
			buildSettings = {
				ALWAYS_EMBED_SWIFT_STANDARD_LIBRARIES = YES;
				ASSETCATALOG_COMPILER_APPICON_NAME = AppIcon;
				ASSETCATALOG_COMPILER_GLOBAL_ACCENT_COLOR_NAME = AccentColor;
				CODE_SIGN_ENTITLEMENTS = Tensorl/Tensorl.entitlements;
				CODE_SIGN_STYLE = Automatic;
				CURRENT_PROJECT_VERSION = 1;
				DEVELOPMENT_ASSET_PATHS = "\"Tensorl/Preview Content\"";
				DEVELOPMENT_TEAM = 8T4P9D4TB2;
				ENABLE_HARDENED_RUNTIME = YES;
				ENABLE_PREVIEWS = YES;
				GENERATE_INFOPLIST_FILE = YES;
				INFOPLIST_FILE = Tensorl/Info.plist;
				INFOPLIST_KEY_CFBundleDisplayName = Tensorl;
				INFOPLIST_KEY_LSApplicationCategoryType = "public.app-category.utilities";
				"INFOPLIST_KEY_UIApplicationSceneManifest_Generation[sdk=iphoneos*]" = YES;
				"INFOPLIST_KEY_UIApplicationSceneManifest_Generation[sdk=iphonesimulator*]" = YES;
				"INFOPLIST_KEY_UIApplicationSupportsIndirectInputEvents[sdk=iphoneos*]" = YES;
				"INFOPLIST_KEY_UIApplicationSupportsIndirectInputEvents[sdk=iphonesimulator*]" = YES;
				"INFOPLIST_KEY_UILaunchScreen_Generation[sdk=iphoneos*]" = YES;
				"INFOPLIST_KEY_UILaunchScreen_Generation[sdk=iphonesimulator*]" = YES;
				"INFOPLIST_KEY_UIStatusBarStyle[sdk=iphoneos*]" = UIStatusBarStyleDefault;
				"INFOPLIST_KEY_UIStatusBarStyle[sdk=iphonesimulator*]" = UIStatusBarStyleDefault;
				INFOPLIST_KEY_UISupportedInterfaceOrientations_iPad = "UIInterfaceOrientationPortrait UIInterfaceOrientationPortraitUpsideDown UIInterfaceOrientationLandscapeLeft UIInterfaceOrientationLandscapeRight";
				INFOPLIST_KEY_UISupportedInterfaceOrientations_iPhone = "UIInterfaceOrientationPortrait UIInterfaceOrientationLandscapeLeft UIInterfaceOrientationLandscapeRight";
				IPHONEOS_DEPLOYMENT_TARGET = 17.2;
				LD_RUNPATH_SEARCH_PATHS = "@executable_path/Frameworks";
				"LD_RUNPATH_SEARCH_PATHS[sdk=macosx*]" = "@executable_path/../Frameworks";
				MACOSX_DEPLOYMENT_TARGET = 14.0;
				MARKETING_VERSION = 1.0;
				PRODUCT_BUNDLE_IDENTIFIER = com.shotach.Tensorl;
				PRODUCT_NAME = "$(TARGET_NAME)";
				SDKROOT = auto;
				SUPPORTED_PLATFORMS = "iphoneos iphonesimulator macosx";
				SWIFT_EMIT_LOC_STRINGS = YES;
				SWIFT_VERSION = 5.0;
				TARGETED_DEVICE_FAMILY = "1,2";
			};
			name = Debug;
		};
		255B6BAC2B56210F00DB8EA0 /* Release */ = {
			isa = XCBuildConfiguration;
			buildSettings = {
				ALWAYS_EMBED_SWIFT_STANDARD_LIBRARIES = YES;
				ASSETCATALOG_COMPILER_APPICON_NAME = AppIcon;
				ASSETCATALOG_COMPILER_GLOBAL_ACCENT_COLOR_NAME = AccentColor;
				CODE_SIGN_ENTITLEMENTS = Tensorl/Tensorl.entitlements;
				CODE_SIGN_STYLE = Automatic;
				CURRENT_PROJECT_VERSION = 1;
				DEVELOPMENT_ASSET_PATHS = "\"Tensorl/Preview Content\"";
				DEVELOPMENT_TEAM = 8T4P9D4TB2;
				ENABLE_HARDENED_RUNTIME = YES;
				ENABLE_PREVIEWS = YES;
				GENERATE_INFOPLIST_FILE = YES;
				INFOPLIST_FILE = Tensorl/Info.plist;
				INFOPLIST_KEY_CFBundleDisplayName = Tensorl;
				INFOPLIST_KEY_LSApplicationCategoryType = "public.app-category.utilities";
				"INFOPLIST_KEY_UIApplicationSceneManifest_Generation[sdk=iphoneos*]" = YES;
				"INFOPLIST_KEY_UIApplicationSceneManifest_Generation[sdk=iphonesimulator*]" = YES;
				"INFOPLIST_KEY_UIApplicationSupportsIndirectInputEvents[sdk=iphoneos*]" = YES;
				"INFOPLIST_KEY_UIApplicationSupportsIndirectInputEvents[sdk=iphonesimulator*]" = YES;
				"INFOPLIST_KEY_UILaunchScreen_Generation[sdk=iphoneos*]" = YES;
				"INFOPLIST_KEY_UILaunchScreen_Generation[sdk=iphonesimulator*]" = YES;
				"INFOPLIST_KEY_UIStatusBarStyle[sdk=iphoneos*]" = UIStatusBarStyleDefault;
				"INFOPLIST_KEY_UIStatusBarStyle[sdk=iphonesimulator*]" = UIStatusBarStyleDefault;
				INFOPLIST_KEY_UISupportedInterfaceOrientations_iPad = "UIInterfaceOrientationPortrait UIInterfaceOrientationPortraitUpsideDown UIInterfaceOrientationLandscapeLeft UIInterfaceOrientationLandscapeRight";
				INFOPLIST_KEY_UISupportedInterfaceOrientations_iPhone = "UIInterfaceOrientationPortrait UIInterfaceOrientationLandscapeLeft UIInterfaceOrientationLandscapeRight";
				IPHONEOS_DEPLOYMENT_TARGET = 17.2;
				LD_RUNPATH_SEARCH_PATHS = "@executable_path/Frameworks";
				"LD_RUNPATH_SEARCH_PATHS[sdk=macosx*]" = "@executable_path/../Frameworks";
				MACOSX_DEPLOYMENT_TARGET = 14.0;
				MARKETING_VERSION = 1.0;
				PRODUCT_BUNDLE_IDENTIFIER = com.shotach.Tensorl;
				PRODUCT_NAME = "$(TARGET_NAME)";
				SDKROOT = auto;
				SUPPORTED_PLATFORMS = "iphoneos iphonesimulator macosx";
				SWIFT_EMIT_LOC_STRINGS = YES;
				SWIFT_VERSION = 5.0;
				TARGETED_DEVICE_FAMILY = "1,2";
			};
			name = Release;
		};
		255B6BAE2B56210F00DB8EA0 /* Debug */ = {
			isa = XCBuildConfiguration;
			buildSettings = {
				ALWAYS_EMBED_SWIFT_STANDARD_LIBRARIES = YES;
				BUNDLE_LOADER = "$(TEST_HOST)";
				CODE_SIGN_STYLE = Automatic;
				CURRENT_PROJECT_VERSION = 1;
				DEVELOPMENT_TEAM = 8T4P9D4TB2;
				GENERATE_INFOPLIST_FILE = YES;
				IPHONEOS_DEPLOYMENT_TARGET = 17.2;
				MACOSX_DEPLOYMENT_TARGET = 14.2;
				MARKETING_VERSION = 1.0;
				PRODUCT_BUNDLE_IDENTIFIER = com.shotach.TensorlTests;
				PRODUCT_NAME = "$(TARGET_NAME)";
				SDKROOT = auto;
				SUPPORTED_PLATFORMS = "iphoneos iphonesimulator macosx";
				SWIFT_EMIT_LOC_STRINGS = NO;
				SWIFT_VERSION = 5.0;
				TARGETED_DEVICE_FAMILY = "1,2";
				TEST_HOST = "$(BUILT_PRODUCTS_DIR)/Tensorl.app/$(BUNDLE_EXECUTABLE_FOLDER_PATH)/Tensorl";
			};
			name = Debug;
		};
		255B6BAF2B56210F00DB8EA0 /* Release */ = {
			isa = XCBuildConfiguration;
			buildSettings = {
				ALWAYS_EMBED_SWIFT_STANDARD_LIBRARIES = YES;
				BUNDLE_LOADER = "$(TEST_HOST)";
				CODE_SIGN_STYLE = Automatic;
				CURRENT_PROJECT_VERSION = 1;
				DEVELOPMENT_TEAM = 8T4P9D4TB2;
				GENERATE_INFOPLIST_FILE = YES;
				IPHONEOS_DEPLOYMENT_TARGET = 17.2;
				MACOSX_DEPLOYMENT_TARGET = 14.2;
				MARKETING_VERSION = 1.0;
				PRODUCT_BUNDLE_IDENTIFIER = com.shotach.TensorlTests;
				PRODUCT_NAME = "$(TARGET_NAME)";
				SDKROOT = auto;
				SUPPORTED_PLATFORMS = "iphoneos iphonesimulator macosx";
				SWIFT_EMIT_LOC_STRINGS = NO;
				SWIFT_VERSION = 5.0;
				TARGETED_DEVICE_FAMILY = "1,2";
				TEST_HOST = "$(BUILT_PRODUCTS_DIR)/Tensorl.app/$(BUNDLE_EXECUTABLE_FOLDER_PATH)/Tensorl";
			};
			name = Release;
		};
		255B6BB12B56210F00DB8EA0 /* Debug */ = {
			isa = XCBuildConfiguration;
			buildSettings = {
				ALWAYS_EMBED_SWIFT_STANDARD_LIBRARIES = YES;
				CODE_SIGN_STYLE = Automatic;
				CURRENT_PROJECT_VERSION = 1;
				DEVELOPMENT_TEAM = 8T4P9D4TB2;
				GENERATE_INFOPLIST_FILE = YES;
				IPHONEOS_DEPLOYMENT_TARGET = 17.2;
				MACOSX_DEPLOYMENT_TARGET = 14.2;
				MARKETING_VERSION = 1.0;
				PRODUCT_BUNDLE_IDENTIFIER = com.shotach.TensorlUITests;
				PRODUCT_NAME = "$(TARGET_NAME)";
				SDKROOT = auto;
				SUPPORTED_PLATFORMS = "iphoneos iphonesimulator macosx";
				SWIFT_EMIT_LOC_STRINGS = NO;
				SWIFT_VERSION = 5.0;
				TARGETED_DEVICE_FAMILY = "1,2";
				TEST_TARGET_NAME = Tensorl;
			};
			name = Debug;
		};
		255B6BB22B56210F00DB8EA0 /* Release */ = {
			isa = XCBuildConfiguration;
			buildSettings = {
				ALWAYS_EMBED_SWIFT_STANDARD_LIBRARIES = YES;
				CODE_SIGN_STYLE = Automatic;
				CURRENT_PROJECT_VERSION = 1;
				DEVELOPMENT_TEAM = 8T4P9D4TB2;
				GENERATE_INFOPLIST_FILE = YES;
				IPHONEOS_DEPLOYMENT_TARGET = 17.2;
				MACOSX_DEPLOYMENT_TARGET = 14.2;
				MARKETING_VERSION = 1.0;
				PRODUCT_BUNDLE_IDENTIFIER = com.shotach.TensorlUITests;
				PRODUCT_NAME = "$(TARGET_NAME)";
				SDKROOT = auto;
				SUPPORTED_PLATFORMS = "iphoneos iphonesimulator macosx";
				SWIFT_EMIT_LOC_STRINGS = NO;
				SWIFT_VERSION = 5.0;
				TARGETED_DEVICE_FAMILY = "1,2";
				TEST_TARGET_NAME = Tensorl;
			};
			name = Release;
		};
/* End XCBuildConfiguration section */

/* Begin XCConfigurationList section */
		255A62DC2B6F1E7A002F6A80 /* Build configuration list for PBXNativeTarget "TensorlEngine" */ = {
			isa = XCConfigurationList;
			buildConfigurations = (
				255A62DD2B6F1E7A002F6A80 /* Debug */,
				255A62DE2B6F1E7A002F6A80 /* Release */,
			);
			defaultConfigurationIsVisible = 0;
			defaultConfigurationName = Release;
		};
		255A62E02B6F1E7A002F6A80 /* Build configuration list for PBXNativeTarget "TensorlEngineTests" */ = {
			isa = XCConfigurationList;
			buildConfigurations = (
				255A62E12B6F1E7A002F6A80 /* Debug */,
				255A62E22B6F1E7A002F6A80 /* Release */,
			);
			defaultConfigurationIsVisible = 0;
			defaultConfigurationName = Release;
		};
		255B6B7D2B56210D00DB8EA0 /* Build configuration list for PBXProject "Tensorl" */ = {
			isa = XCConfigurationList;
			buildConfigurations = (
				255B6BA82B56210F00DB8EA0 /* Debug */,
				255B6BA92B56210F00DB8EA0 /* Release */,
			);
			defaultConfigurationIsVisible = 0;
			defaultConfigurationName = Release;
		};
		255B6BAA2B56210F00DB8EA0 /* Build configuration list for PBXNativeTarget "Tensorl" */ = {
			isa = XCConfigurationList;
			buildConfigurations = (
				255B6BAB2B56210F00DB8EA0 /* Debug */,
				255B6BAC2B56210F00DB8EA0 /* Release */,
			);
			defaultConfigurationIsVisible = 0;
			defaultConfigurationName = Release;
		};
		255B6BAD2B56210F00DB8EA0 /* Build configuration list for PBXNativeTarget "TensorlTests" */ = {
			isa = XCConfigurationList;
			buildConfigurations = (
				255B6BAE2B56210F00DB8EA0 /* Debug */,
				255B6BAF2B56210F00DB8EA0 /* Release */,
			);
			defaultConfigurationIsVisible = 0;
			defaultConfigurationName = Release;
		};
		255B6BB02B56210F00DB8EA0 /* Build configuration list for PBXNativeTarget "TensorlUITests" */ = {
			isa = XCConfigurationList;
			buildConfigurations = (
				255B6BB12B56210F00DB8EA0 /* Debug */,
				255B6BB22B56210F00DB8EA0 /* Release */,
			);
			defaultConfigurationIsVisible = 0;
			defaultConfigurationName = Release;
		};
/* End XCConfigurationList section */

/* Begin XCRemoteSwiftPackageReference section */
		251BFB482B66900800EB50DF /* XCRemoteSwiftPackageReference "DataLogic.swift" */ = {
			isa = XCRemoteSwiftPackageReference;
			repositoryURL = "https://github.com/shotastage/DataLogic.swift.git";
			requirement = {
				branch = main;
				kind = branch;
			};
		};
		255F19442B6174F100412B3B /* XCRemoteSwiftPackageReference "SwiftUI-WindowManagement" */ = {
			isa = XCRemoteSwiftPackageReference;
			repositoryURL = "https://github.com/Wouter01/SwiftUI-WindowManagement.git";
			requirement = {
				kind = upToNextMajorVersion;
				minimumVersion = 2.1.1;
			};
		};
		25A1CCED2B5EBA4600CFEB5E /* XCRemoteSwiftPackageReference "swift-log" */ = {
			isa = XCRemoteSwiftPackageReference;
			repositoryURL = "https://github.com/apple/swift-log.git";
			requirement = {
				kind = upToNextMajorVersion;
				minimumVersion = 1.5.4;
			};
		};
		25ED8B9F2B57AFA90098DC46 /* XCRemoteSwiftPackageReference "Charts" */ = {
			isa = XCRemoteSwiftPackageReference;
			repositoryURL = "https://github.com/danielgindi/Charts.git";
			requirement = {
				kind = upToNextMajorVersion;
				minimumVersion = 5.0.0;
			};
		};
/* End XCRemoteSwiftPackageReference section */

/* Begin XCSwiftPackageProductDependency section */
		251BFB492B66900800EB50DF /* DataLogic */ = {
			isa = XCSwiftPackageProductDependency;
			package = 251BFB482B66900800EB50DF /* XCRemoteSwiftPackageReference "DataLogic.swift" */;
			productName = DataLogic;
		};
		255F19452B6174F100412B3B /* WindowManagement */ = {
			isa = XCSwiftPackageProductDependency;
			package = 255F19442B6174F100412B3B /* XCRemoteSwiftPackageReference "SwiftUI-WindowManagement" */;
			productName = WindowManagement;
		};
		25A1CCEE2B5EBA4600CFEB5E /* Logging */ = {
			isa = XCSwiftPackageProductDependency;
			package = 25A1CCED2B5EBA4600CFEB5E /* XCRemoteSwiftPackageReference "swift-log" */;
			productName = Logging;
		};
/* End XCSwiftPackageProductDependency section */
	};
	rootObject = 255B6B7A2B56210D00DB8EA0 /* Project object */;
}
